// !$*UTF8*$!
{
	archiveVersion = 1;
	classes = {
	};
	objectVersion = 55;
	objects = {

/* Begin PBXBuildFile section */
		3B5EDDBC2970070F00026144 /* main.cpp in Sources */ = {isa = PBXBuildFile; fileRef = 3B5EDDBB2970070F00026144 /* main.cpp */; };
		3B5EDDC42970075D00026144 /* OpenGL.framework in Frameworks */ = {isa = PBXBuildFile; fileRef = 3B5EDDC32970075D00026144 /* OpenGL.framework */; };
		3B5F5A5529701BFF00B01E0C /* libGLEW.2.2.0.dylib in Frameworks */ = {isa = PBXBuildFile; fileRef = 3B5F5A5429701BFF00B01E0C /* libGLEW.2.2.0.dylib */; };
		3B5F5A5629701BFF00B01E0C /* libGLEW.2.2.0.dylib in Embed Libraries */ = {isa = PBXBuildFile; fileRef = 3B5F5A5429701BFF00B01E0C /* libGLEW.2.2.0.dylib */; settings = {ATTRIBUTES = (CodeSignOnCopy, ); }; };
		3B5F5A5B29701C2A00B01E0C /* libglfw.3.3.dylib in Frameworks */ = {isa = PBXBuildFile; fileRef = 3B5F5A5829701C1200B01E0C /* libglfw.3.3.dylib */; };
		3B5F5A5C29701C2A00B01E0C /* libglfw.3.3.dylib in Embed Libraries */ = {isa = PBXBuildFile; fileRef = 3B5F5A5829701C1200B01E0C /* libglfw.3.3.dylib */; settings = {ATTRIBUTES = (CodeSignOnCopy, ); }; };
/* End PBXBuildFile section */

/* Begin PBXCopyFilesBuildPhase section */
		3B5EDDB62970070F00026144 /* CopyFiles */ = {
			isa = PBXCopyFilesBuildPhase;
			buildActionMask = 2147483647;
			dstPath = /usr/share/man/man1/;
			dstSubfolderSpec = 0;
			files = (
			);
			runOnlyForDeploymentPostprocessing = 1;
		};
		3B5F5A5729701BFF00B01E0C /* Embed Libraries */ = {
			isa = PBXCopyFilesBuildPhase;
			buildActionMask = 2147483647;
			dstPath = "";
			dstSubfolderSpec = 10;
			files = (
				3B5F5A5C29701C2A00B01E0C /* libglfw.3.3.dylib in Embed Libraries */,
				3B5F5A5629701BFF00B01E0C /* libGLEW.2.2.0.dylib in Embed Libraries */,
			);
			name = "Embed Libraries";
			runOnlyForDeploymentPostprocessing = 0;
		};
/* End PBXCopyFilesBuildPhase section */

/* Begin PBXFileReference section */
		3B5EDDB82970070F00026144 /* OpenGL_Tutorial05(Shader) */ = {isa = PBXFileReference; explicitFileType = "compiled.mach-o.executable"; includeInIndex = 0; path = "OpenGL_Tutorial05(Shader)"; sourceTree = BUILT_PRODUCTS_DIR; };
		3B5EDDBB2970070F00026144 /* main.cpp */ = {isa = PBXFileReference; explicitFileType = sourcecode.cpp.cpp; name = main.cpp; path = "OpenGL_Tutorial05(Shader)/main.cpp"; sourceTree = SOURCE_ROOT; };
		3B5EDDC32970075D00026144 /* OpenGL.framework */ = {isa = PBXFileReference; lastKnownFileType = wrapper.framework; name = OpenGL.framework; path = System/Library/Frameworks/OpenGL.framework; sourceTree = SDKROOT; };
		3B5F5A5129701BAA00B01E0C /* OpenGL_Tutorial05(Shader).xcodeproj */ = {isa = PBXFileReference; lastKnownFileType = "wrapper.pb-project"; path = "OpenGL_Tutorial05(Shader).xcodeproj"; sourceTree = "<group>"; };
		3B5F5A5429701BFF00B01E0C /* libGLEW.2.2.0.dylib */ = {isa = PBXFileReference; lastKnownFileType = "compiled.mach-o.dylib"; name = libGLEW.2.2.0.dylib; path = ../../../../../opt/homebrew/Cellar/glew/2.2.0_1/lib/libGLEW.2.2.0.dylib; sourceTree = "<group>"; };
		3B5F5A5829701C1200B01E0C /* libglfw.3.3.dylib */ = {isa = PBXFileReference; lastKnownFileType = "compiled.mach-o.dylib"; name = libglfw.3.3.dylib; path = ../../../../../opt/homebrew/Cellar/glfw/3.3.8/lib/libglfw.3.3.dylib; sourceTree = "<group>"; };
/* End PBXFileReference section */

/* Begin PBXFrameworksBuildPhase section */
		3B5EDDB52970070F00026144 /* Frameworks */ = {
			isa = PBXFrameworksBuildPhase;
			buildActionMask = 2147483647;
			files = (
				3B5F5A5B29701C2A00B01E0C /* libglfw.3.3.dylib in Frameworks */,
				3B5EDDC42970075D00026144 /* OpenGL.framework in Frameworks */,
				3B5F5A5529701BFF00B01E0C /* libGLEW.2.2.0.dylib in Frameworks */,
			);
			runOnlyForDeploymentPostprocessing = 0;
		};
/* End PBXFrameworksBuildPhase section */

/* Begin PBXGroup section */
		3B5EDDAF2970070F00026144 = {
			isa = PBXGroup;
			children = (
				3B5EDDBA2970070F00026144 /* OpenGL_Tutorial05(Shader) */,
				3B5EDDB92970070F00026144 /* Products */,
				3B5EDDC22970075D00026144 /* Frameworks */,
			);
			sourceTree = "<group>";
		};
		3B5EDDB92970070F00026144 /* Products */ = {
			isa = PBXGroup;
			children = (
				3B5EDDB82970070F00026144 /* OpenGL_Tutorial05(Shader) */,
			);
			name = Products;
			sourceTree = "<group>";
		};
		3B5EDDBA2970070F00026144 /* OpenGL_Tutorial05(Shader) */ = {
			isa = PBXGroup;
			children = (
				3B5EDDBB2970070F00026144 /* main.cpp */,
			);
			path = "OpenGL_Tutorial05(Shader)";
			sourceTree = "<group>";
		};
		3B5EDDC22970075D00026144 /* Frameworks */ = {
			isa = PBXGroup;
			children = (
				3B5F5A5829701C1200B01E0C /* libglfw.3.3.dylib */,
				3B5F5A5429701BFF00B01E0C /* libGLEW.2.2.0.dylib */,
				3B5F5A5129701BAA00B01E0C /* OpenGL_Tutorial05(Shader).xcodeproj */,
				3B5EDDC32970075D00026144 /* OpenGL.framework */,
			);
			name = Frameworks;
			sourceTree = "<group>";
		};
		3B5F5A5229701BAA00B01E0C /* Products */ = {
			isa = PBXGroup;
			name = Products;
			sourceTree = "<group>";
		};
/* End PBXGroup section */

/* Begin PBXNativeTarget section */
		3B5EDDB72970070F00026144 /* OpenGL_Tutorial05(Shader) */ = {
			isa = PBXNativeTarget;
			buildConfigurationList = 3B5EDDBF2970070F00026144 /* Build configuration list for PBXNativeTarget "OpenGL_Tutorial05(Shader)" */;
			buildPhases = (
				3B5EDDB42970070F00026144 /* Sources */,
				3B5EDDB52970070F00026144 /* Frameworks */,
				3B5EDDB62970070F00026144 /* CopyFiles */,
				3B5F5A5729701BFF00B01E0C /* Embed Libraries */,
			);
			buildRules = (
			);
			dependencies = (
			);
			name = "OpenGL_Tutorial05(Shader)";
			productName = "OpenGL_Tutorial05(Shader)";
			productReference = 3B5EDDB82970070F00026144 /* OpenGL_Tutorial05(Shader) */;
			productType = "com.apple.product-type.tool";
		};
/* End PBXNativeTarget section */

/* Begin PBXProject section */
		3B5EDDB02970070F00026144 /* Project object */ = {
			isa = PBXProject;
			attributes = {
				BuildIndependentTargetsInParallel = 1;
				LastUpgradeCheck = 1320;
				TargetAttributes = {
					3B5EDDB72970070F00026144 = {
						CreatedOnToolsVersion = 13.2.1;
					};
				};
			};
			buildConfigurationList = 3B5EDDB32970070F00026144 /* Build configuration list for PBXProject "OpenGL_Tutorial05(Shader)" */;
			compatibilityVersion = "Xcode 13.0";
			developmentRegion = en;
			hasScannedForEncodings = 0;
			knownRegions = (
				en,
				Base,
			);
			mainGroup = 3B5EDDAF2970070F00026144;
			productRefGroup = 3B5EDDB92970070F00026144 /* Products */;
			projectDirPath = "";
			projectReferences = (
				{
					ProductGroup = 3B5F5A5229701BAA00B01E0C /* Products */;
					ProjectRef = 3B5F5A5129701BAA00B01E0C /* OpenGL_Tutorial05(Shader).xcodeproj */;
				},
			);
			projectRoot = "";
			targets = (
				3B5EDDB72970070F00026144 /* OpenGL_Tutorial05(Shader) */,
			);
		};
/* End PBXProject section */

/* Begin PBXSourcesBuildPhase section */
		3B5EDDB42970070F00026144 /* Sources */ = {
			isa = PBXSourcesBuildPhase;
			buildActionMask = 2147483647;
			files = (
				3B5EDDBC2970070F00026144 /* main.cpp in Sources */,
			);
			runOnlyForDeploymentPostprocessing = 0;
		};
/* End PBXSourcesBuildPhase section */

/* Begin XCBuildConfiguration section */
		3B5EDDBD2970070F00026144 /* Debug */ = {
			isa = XCBuildConfiguration;
			buildSettings = {
				ALWAYS_SEARCH_USER_PATHS = YES;
				CLANG_ANALYZER_NONNULL = YES;
				CLANG_ANALYZER_NUMBER_OBJECT_CONVERSION = YES_AGGRESSIVE;
				CLANG_CXX_LANGUAGE_STANDARD = "gnu++17";
				CLANG_CXX_LIBRARY = "libc++";
				CLANG_ENABLE_MODULES = YES;
				CLANG_ENABLE_OBJC_ARC = YES;
				CLANG_ENABLE_OBJC_WEAK = YES;
				CLANG_WARN_BLOCK_CAPTURE_AUTORELEASING = YES;
				CLANG_WARN_BOOL_CONVERSION = YES;
				CLANG_WARN_COMMA = YES;
				CLANG_WARN_CONSTANT_CONVERSION = YES;
				CLANG_WARN_DEPRECATED_OBJC_IMPLEMENTATIONS = YES;
				CLANG_WARN_DIRECT_OBJC_ISA_USAGE = YES_ERROR;
				CLANG_WARN_DOCUMENTATION_COMMENTS = YES;
				CLANG_WARN_EMPTY_BODY = YES;
				CLANG_WARN_ENUM_CONVERSION = YES;
				CLANG_WARN_INFINITE_RECURSION = YES;
				CLANG_WARN_INT_CONVERSION = YES;
				CLANG_WARN_NON_LITERAL_NULL_CONVERSION = YES;
				CLANG_WARN_OBJC_IMPLICIT_RETAIN_SELF = YES;
				CLANG_WARN_OBJC_LITERAL_CONVERSION = YES;
				CLANG_WARN_OBJC_ROOT_CLASS = YES_ERROR;
				CLANG_WARN_QUOTED_INCLUDE_IN_FRAMEWORK_HEADER = YES;
				CLANG_WARN_RANGE_LOOP_ANALYSIS = YES;
				CLANG_WARN_STRICT_PROTOTYPES = YES;
				CLANG_WARN_SUSPICIOUS_MOVE = YES;
				CLANG_WARN_UNGUARDED_AVAILABILITY = YES_AGGRESSIVE;
				CLANG_WARN_UNREACHABLE_CODE = YES;
				CLANG_WARN__DUPLICATE_METHOD_MATCH = YES;
				COPY_PHASE_STRIP = NO;
				DEBUG_INFORMATION_FORMAT = dwarf;
				ENABLE_STRICT_OBJC_MSGSEND = YES;
				ENABLE_TESTABILITY = YES;
				GCC_C_LANGUAGE_STANDARD = gnu11;
				GCC_DYNAMIC_NO_PIC = NO;
				GCC_NO_COMMON_BLOCKS = YES;
				GCC_OPTIMIZATION_LEVEL = 0;
				GCC_PREPROCESSOR_DEFINITIONS = (
					"DEBUG=1",
					"$(inherited)",
				);
				GCC_WARN_64_TO_32_BIT_CONVERSION = YES;
				GCC_WARN_ABOUT_RETURN_TYPE = YES_ERROR;
				GCC_WARN_UNDECLARED_SELECTOR = YES;
				GCC_WARN_UNINITIALIZED_AUTOS = YES_AGGRESSIVE;
				GCC_WARN_UNUSED_FUNCTION = YES;
				GCC_WARN_UNUSED_VARIABLE = YES;
				MACOSX_DEPLOYMENT_TARGET = 12.1;
				MTL_ENABLE_DEBUG_INFO = INCLUDE_SOURCE;
				MTL_FAST_MATH = YES;
				ONLY_ACTIVE_ARCH = YES;
				SDKROOT = macosx;
			};
			name = Debug;
		};
		3B5EDDBE2970070F00026144 /* Release */ = {
			isa = XCBuildConfiguration;
			buildSettings = {
				ALWAYS_SEARCH_USER_PATHS = YES;
				CLANG_ANALYZER_NONNULL = YES;
				CLANG_ANALYZER_NUMBER_OBJECT_CONVERSION = YES_AGGRESSIVE;
				CLANG_CXX_LANGUAGE_STANDARD = "gnu++17";
				CLANG_CXX_LIBRARY = "libc++";
				CLANG_ENABLE_MODULES = YES;
				CLANG_ENABLE_OBJC_ARC = YES;
				CLANG_ENABLE_OBJC_WEAK = YES;
				CLANG_WARN_BLOCK_CAPTURE_AUTORELEASING = YES;
				CLANG_WARN_BOOL_CONVERSION = YES;
				CLANG_WARN_COMMA = YES;
				CLANG_WARN_CONSTANT_CONVERSION = YES;
				CLANG_WARN_DEPRECATED_OBJC_IMPLEMENTATIONS = YES;
				CLANG_WARN_DIRECT_OBJC_ISA_USAGE = YES_ERROR;
				CLANG_WARN_DOCUMENTATION_COMMENTS = YES;
				CLANG_WARN_EMPTY_BODY = YES;
				CLANG_WARN_ENUM_CONVERSION = YES;
				CLANG_WARN_INFINITE_RECURSION = YES;
				CLANG_WARN_INT_CONVERSION = YES;
				CLANG_WARN_NON_LITERAL_NULL_CONVERSION = YES;
				CLANG_WARN_OBJC_IMPLICIT_RETAIN_SELF = YES;
				CLANG_WARN_OBJC_LITERAL_CONVERSION = YES;
				CLANG_WARN_OBJC_ROOT_CLASS = YES_ERROR;
				CLANG_WARN_QUOTED_INCLUDE_IN_FRAMEWORK_HEADER = YES;
				CLANG_WARN_RANGE_LOOP_ANALYSIS = YES;
				CLANG_WARN_STRICT_PROTOTYPES = YES;
				CLANG_WARN_SUSPICIOUS_MOVE = YES;
				CLANG_WARN_UNGUARDED_AVAILABILITY = YES_AGGRESSIVE;
				CLANG_WARN_UNREACHABLE_CODE = YES;
				CLANG_WARN__DUPLICATE_METHOD_MATCH = YES;
				COPY_PHASE_STRIP = NO;
				DEBUG_INFORMATION_FORMAT = "dwarf-with-dsym";
				ENABLE_NS_ASSERTIONS = NO;
				ENABLE_STRICT_OBJC_MSGSEND = YES;
				GCC_C_LANGUAGE_STANDARD = gnu11;
				GCC_NO_COMMON_BLOCKS = YES;
				GCC_WARN_64_TO_32_BIT_CONVERSION = YES;
				GCC_WARN_ABOUT_RETURN_TYPE = YES_ERROR;
				GCC_WARN_UNDECLARED_SELECTOR = YES;
				GCC_WARN_UNINITIALIZED_AUTOS = YES_AGGRESSIVE;
				GCC_WARN_UNUSED_FUNCTION = YES;
				GCC_WARN_UNUSED_VARIABLE = YES;
				MACOSX_DEPLOYMENT_TARGET = 12.1;
				MTL_ENABLE_DEBUG_INFO = NO;
				MTL_FAST_MATH = YES;
				SDKROOT = macosx;
			};
			name = Release;
		};
		3B5EDDC02970070F00026144 /* Debug */ = {
			isa = XCBuildConfiguration;
			buildSettings = {
				CODE_SIGN_STYLE = Automatic;
				DEVELOPMENT_TEAM = AEKMV662M7;
				ENABLE_HARDENED_RUNTIME = YES;
				LIBRARY_SEARCH_PATHS = (
					"$(inherited)",
					/opt/homebrew/Cellar/glew/2.2.0_1/lib,
					/opt/homebrew/Cellar/glfw/3.3.8/lib,
				);
				PRODUCT_NAME = "$(TARGET_NAME)";
			};
			name = Debug;
		};
		3B5EDDC12970070F00026144 /* Release */ = {
			isa = XCBuildConfiguration;
			buildSettings = {
				CODE_SIGN_STYLE = Automatic;
				DEVELOPMENT_TEAM = AEKMV662M7;
				ENABLE_HARDENED_RUNTIME = YES;
				LIBRARY_SEARCH_PATHS = (
					"$(inherited)",
					/opt/homebrew/Cellar/glew/2.2.0_1/lib,
					/opt/homebrew/Cellar/glfw/3.3.8/lib,
				);
				PRODUCT_NAME = "$(TARGET_NAME)";
			};
			name = Release;
		};
/* End XCBuildConfiguration section */

/* Begin XCConfigurationList section */
		3B5EDDB32970070F00026144 /* Build configuration list for PBXProject "OpenGL_Tutorial05(Shader)" */ = {
			isa = XCConfigurationList;
			buildConfigurations = (
				3B5EDDBD2970070F00026144 /* Debug */,
				3B5EDDBE2970070F00026144 /* Release */,
			);
			defaultConfigurationIsVisible = 0;
			defaultConfigurationName = Release;
		};
		3B5EDDBF2970070F00026144 /* Build configuration list for PBXNativeTarget "OpenGL_Tutorial05(Shader)" */ = {
			isa = XCConfigurationList;
			buildConfigurations = (
				3B5EDDC02970070F00026144 /* Debug */,
				3B5EDDC12970070F00026144 /* Release */,
			);
			defaultConfigurationIsVisible = 0;
			defaultConfigurationName = Release;
		};
/* End XCConfigurationList section */
	};
	rootObject = 3B5EDDB02970070F00026144 /* Project object */;
}
